
Microsoft Visual Studio Solution File, Format Version 12.00
# Visual Studio Version 16
VisualStudioVersion = 16.0.30225.117
MinimumVisualStudioVersion = 10.0.40219.1
Project("{FAE04EC0-301F-11D3-BF4B-00C04F79EFBC}") = "ConsoleApp21", "ConsoleApp21\ConsoleApp21.csproj", "{FCCB171E-B2CC-4439-B0F8-02C1D1ED80BE}"
EndProject
Global
	GlobalSection(SolutionConfigurationPlatforms) = preSolution
		Debug|Any CPU = Debug|Any CPU
		Release|Any CPU = Release|Any CPU
	EndGlobalSection
	GlobalSection(ProjectConfigurationPlatforms) = postSolution
		{FCCB171E-B2CC-4439-B0F8-02C1D1ED80BE}.Debug|Any CPU.ActiveCfg = Debug|Any CPU
		{FCCB171E-B2CC-4439-B0F8-02C1D1ED80BE}.Debug|Any CPU.Build.0 = Debug|Any CPU
		{FCCB171E-B2CC-4439-B0F8-02C1D1ED80BE}.Release|Any CPU.ActiveCfg = Release|Any CPU
		{FCCB171E-B2CC-4439-B0F8-02C1D1ED80BE}.Release|Any CPU.Build.0 = Release|Any CPU
	EndGlobalSection
	GlobalSection(SolutionProperties) = preSolution
		HideSolutionNode = FALSE
	EndGlobalSection
	GlobalSection(ExtensibilityGlobals) = postSolution
		SolutionGuid = {269DD475-4EEA-4237-A649-0DE4A3BD2E4E}
	EndGlobalSection
EndGlobal
